{
  "name": "@coool/cachestate",
  "version": "1.5.0",
  "lockfileVersion": 3,
  "requires": true,
  "packages": {
    "": {
      "name": "@coool/cachestate",
      "version": "1.5.0",
      "license": "MIT",
      "dependencies": {
        "rxjs": "^7.8.2"
      },
      "devDependencies": {
        "prettier": "^3.6.2",
        "prettier-plugin-multiline-arrays": "^4.0.3",
        "type-fest": "^5.2.0",
        "typescript": "^5.9.3"
      }
    },
    "node_modules/@augment-vir/assert": {
      "version": "31.47.0",
      "resolved": "https://registry.npmjs.org/@augment-vir/assert/-/assert-31.47.0.tgz",
      "integrity": "sha512-hIG1/I1o/Ez9x7O2hkotNjwVGkfZRwg17YIeauxgLYIgXBqUpOpJK748XKFVTup6gQdTcTiNw0pWvd4srzctHA==",
      "dev": true,
      "license": "(MIT or CC0 1.0)",
      "dependencies": {
        "@augment-vir/core": "^31.47.0",
        "@date-vir/duration": "^8.0.0",
        "deep-eql": "^5.0.2",
        "expect-type": "^1.2.2",
        "type-fest": "^5.1.0"
      },
      "engines": {
        "node": ">=22"
      }
    },
    "node_modules/@augment-vir/common": {
      "version": "31.47.0",
      "resolved": "https://registry.npmjs.org/@augment-vir/common/-/common-31.47.0.tgz",
      "integrity": "sha512-br28iA+2jfJQBQ2BXxow55F2JgjHQp9E4ubbu3H9+AS17Mx3Y4Hm9VrVYbq3SruE9Da/YhDH7m44QLp/HkobsA==",
      "dev": true,
      "license": "(MIT or CC0 1.0)",
      "dependencies": {
        "@augment-vir/assert": "^31.47.0",
        "@augment-vir/core": "^31.47.0",
        "@date-vir/duration": "^8.0.0",
        "ansi-styles": "^6.2.3",
        "deepcopy-esm": "^2.1.1",
        "json5": "^2.2.3",
        "type-fest": "^5.1.0",
        "typed-event-target": "^4.1.0"
      },
      "engines": {
        "node": ">=22"
      }
    },
    "node_modules/@augment-vir/core": {
      "version": "31.47.0",
      "resolved": "https://registry.npmjs.org/@augment-vir/core/-/core-31.47.0.tgz",
      "integrity": "sha512-Zl9rpgyYwCgeQwBzWRB0xcw6JEAUBWJXTcV1MDh4zKqnu7xH63UO7FGvYbrPCxrW2hdd7rTirUznKNU3wxEapA==",
      "dev": true,
      "license": "(MIT or CC0 1.0)",
      "dependencies": {
        "@date-vir/duration": "^8.0.0",
        "browser-or-node": "^3.0.0",
        "diff": "^8.0.2",
        "json5": "^2.2.3",
        "type-fest": "^5.1.0"
      },
      "engines": {
        "node": ">=22"
      }
    },
    "node_modules/@date-vir/duration": {
      "version": "8.0.0",
      "resolved": "https://registry.npmjs.org/@date-vir/duration/-/duration-8.0.0.tgz",
      "integrity": "sha512-zuliBiCkSdmTTZZAYrKXB70X6SbY0iN3xaO+E0pA2tVp+zyDCdOJfhY4XSkUyIBhp7aF2HC/C2xVOIJ3n/5h8A==",
      "dev": true,
      "license": "(MIT or CC0 1.0)",
      "dependencies": {
        "@types/luxon": "^3.7.1",
        "luxon": "^3.7.2",
        "type-fest": "^5.0.1"
      },
      "engines": {
        "node": ">=22"
      }
    },
    "node_modules/@types/luxon": {
      "version": "3.7.1",
      "resolved": "https://registry.npmjs.org/@types/luxon/-/luxon-3.7.1.tgz",
      "integrity": "sha512-H3iskjFIAn5SlJU7OuxUmTEpebK6TKB8rxZShDslBMZJ5u9S//KM1sbdAisiSrqwLQncVjnpi2OK2J51h+4lsg==",
      "dev": true,
      "license": "MIT"
    },
    "node_modules/ansi-styles": {
      "version": "6.2.3",
      "resolved": "https://registry.npmjs.org/ansi-styles/-/ansi-styles-6.2.3.tgz",
      "integrity": "sha512-4Dj6M28JB+oAH8kFkTLUo+a2jwOFkuqb3yucU0CANcRRUbxS0cP0nZYCGjcc3BNXwRIsUVmDGgzawme7zvJHvg==",
      "dev": true,
      "license": "MIT",
      "engines": {
        "node": ">=12"
      },
      "funding": {
        "url": "https://github.com/chalk/ansi-styles?sponsor=1"
      }
    },
    "node_modules/browser-or-node": {
      "version": "3.0.0",
      "resolved": "https://registry.npmjs.org/browser-or-node/-/browser-or-node-3.0.0.tgz",
      "integrity": "sha512-iczIdVJzGEYhP5DqQxYM9Hh7Ztpqqi+CXZpSmX8ALFs9ecXkQIeqRyM6TfxEfMVpwhl3dSuDvxdzzo9sUOIVBQ==",
      "dev": true,
      "license": "MIT"
    },
    "node_modules/deep-eql": {
      "version": "5.0.2",
      "resolved": "https://registry.npmjs.org/deep-eql/-/deep-eql-5.0.2.tgz",
      "integrity": "sha512-h5k/5U50IJJFpzfL6nO9jaaumfjO/f2NjK/oYB2Djzm4p9L+3T9qWpZqZ2hAbLPuuYq9wrU08WQyBTL5GbPk5Q==",
      "dev": true,
      "license": "MIT",
      "engines": {
        "node": ">=6"
      }
    },
    "node_modules/deepcopy-esm": {
      "version": "2.1.1",
      "resolved": "https://registry.npmjs.org/deepcopy-esm/-/deepcopy-esm-2.1.1.tgz",
      "integrity": "sha512-0lopQd/gi3excE3sgBrjuR3gJv6ZElk027i30pUgdjtvSJl/OoZ8B6L42GUBm6C3G8hD1EB5ir2gTYnINzWx4g==",
      "dev": true,
      "license": "(MIT or CC0 1.0)",
      "engines": {
        "node": ">=22"
      }
    },
    "node_modules/diff": {
      "version": "8.0.2",
      "resolved": "https://registry.npmjs.org/diff/-/diff-8.0.2.tgz",
      "integrity": "sha512-sSuxWU5j5SR9QQji/o2qMvqRNYRDOcBTgsJ/DeCf4iSN4gW+gNMXM7wFIP+fdXZxoNiAnHUTGjCr+TSWXdRDKg==",
      "dev": true,
      "license": "BSD-3-Clause",
      "engines": {
        "node": ">=0.3.1"
      }
    },
    "node_modules/expect-type": {
      "version": "1.2.2",
      "resolved": "https://registry.npmjs.org/expect-type/-/expect-type-1.2.2.tgz",
      "integrity": "sha512-JhFGDVJ7tmDJItKhYgJCGLOWjuK9vPxiXoUFLwLDc99NlmklilbiQJwoctZtt13+xMw91MCk/REan6MWHqDjyA==",
      "dev": true,
      "license": "Apache-2.0",
      "engines": {
        "node": ">=12.0.0"
      }
    },
    "node_modules/json5": {
      "version": "2.2.3",
      "resolved": "https://registry.npmjs.org/json5/-/json5-2.2.3.tgz",
      "integrity": "sha512-XmOWe7eyHYH14cLdVPoyg+GOH3rYX++KpzrylJwSW98t3Nk+U8XOl8FWKOgwtzdb8lXGf6zYwDUzeHMWfxasyg==",
      "dev": true,
      "license": "MIT",
      "bin": {
        "json5": "lib/cli.js"
      },
      "engines": {
        "node": ">=6"
      }
    },
    "node_modules/luxon": {
      "version": "3.7.2",
      "resolved": "https://registry.npmjs.org/luxon/-/luxon-3.7.2.tgz",
      "integrity": "sha512-vtEhXh/gNjI9Yg1u4jX/0YVPMvxzHuGgCm6tC5kZyb08yjGWGnqAjGJvcXbqQR2P3MyMEFnRbpcdFS6PBcLqew==",
      "dev": true,
      "license": "MIT",
      "engines": {
        "node": ">=12"
      }
    },
    "node_modules/prettier": {
      "version": "3.6.2",
      "resolved": "https://registry.npmjs.org/prettier/-/prettier-3.6.2.tgz",
      "integrity": "sha512-I7AIg5boAr5R0FFtJ6rCfD+LFsWHp81dolrFD8S79U9tb8Az2nGrJncnMSnys+bpQJfRUzqs9hnA81OAA3hCuQ==",
      "dev": true,
      "license": "MIT",
      "bin": {
        "prettier": "bin/prettier.cjs"
      },
      "engines": {
        "node": ">=14"
      },
      "funding": {
        "url": "https://github.com/prettier/prettier?sponsor=1"
      }
    },
    "node_modules/prettier-plugin-multiline-arrays": {
      "version": "4.0.3",
      "resolved": "https://registry.npmjs.org/prettier-plugin-multiline-arrays/-/prettier-plugin-multiline-arrays-4.0.3.tgz",
      "integrity": "sha512-H1f/0zbvlO/FR0Fmyl31sSBodsIZkuQF0Omi9BrptLU31rZ+Almt9BbrE8IS3BFT/DGKePKb55XqN660LTnmsQ==",
      "dev": true,
      "license": "(MIT or CC0 1.0)",
      "dependencies": {
        "@augment-vir/common": "^31.10.1",
        "proxy-vir": "^2.0.1"
      },
      "engines": {
        "node": ">=20"
      },
      "peerDependencies": {
        "prettier": ">=3.0.0"
      }
    },
    "node_modules/proxy-vir": {
      "version": "2.0.1",
      "resolved": "https://registry.npmjs.org/proxy-vir/-/proxy-vir-2.0.1.tgz",
      "integrity": "sha512-hjy5mWzHZhgRGh0f90f0Bz3VrGUe0T+AlhwnETakzRdvaN9RtPYLQG1+ZuEzSDK95FAhPYd26nEi1xVrXqvBwg==",
      "dev": true,
      "license": "(MIT or CC0 1.0)",
      "dependencies": {
        "@augment-vir/assert": "^31.1.0",
        "@augment-vir/common": "^31.1.0"
      },
      "engines": {
        "node": ">=22"
      }
    },
    "node_modules/rxjs": {
      "version": "7.8.2",
      "resolved": "https://registry.npmjs.org/rxjs/-/rxjs-7.8.2.tgz",
      "integrity": "sha512-dhKf903U/PQZY6boNNtAGdWbG85WAbjT/1xYoZIC7FAY0yWapOBQVsVrDl58W86//e1VpMNBtRV4MaXfdMySFA==",
      "license": "Apache-2.0",
      "dependencies": {
        "tslib": "^2.1.0"
      }
    },
    "node_modules/tagged-tag": {
      "version": "1.0.0",
      "resolved": "https://registry.npmjs.org/tagged-tag/-/tagged-tag-1.0.0.tgz",
      "integrity": "sha512-yEFYrVhod+hdNyx7g5Bnkkb0G6si8HJurOoOEgC8B/O0uXLHlaey/65KRv6cuWBNhBgHKAROVpc7QyYqE5gFng==",
      "dev": true,
      "license": "MIT",
      "engines": {
        "node": ">=20"
      },
      "funding": {
        "url": "https://github.com/sponsors/sindresorhus"
      }
    },
    "node_modules/tslib": {
      "version": "2.6.2",
      "resolved": "https://registry.npmjs.org/tslib/-/tslib-2.6.2.tgz",
      "integrity": "sha512-AEYxH93jGFPn/a2iVAwW87VuUIkR1FVUKB77NwMF7nBTDkDrrT/Hpt/IrCJ0QXhW27jTBDcf5ZY7w6RiqTMw2Q=="
    },
    "node_modules/type-fest": {
      "version": "5.2.0",
      "resolved": "https://registry.npmjs.org/type-fest/-/type-fest-5.2.0.tgz",
      "integrity": "sha512-xxCJm+Bckc6kQBknN7i9fnP/xobQRsRQxR01CztFkp/h++yfVxUUcmMgfR2HttJx/dpWjS9ubVuyspJv24Q9DA==",
      "dev": true,
      "license": "(MIT OR CC0-1.0)",
      "dependencies": {
        "tagged-tag": "^1.0.0"
      },
      "engines": {
        "node": ">=20"
      },
      "funding": {
        "url": "https://github.com/sponsors/sindresorhus"
      }
    },
    "node_modules/typed-event-target": {
      "version": "4.1.0",
      "resolved": "https://registry.npmjs.org/typed-event-target/-/typed-event-target-4.1.0.tgz",
      "integrity": "sha512-fDFhZb7ofywLsVv8mYePD6ONfCpVHyM1t2dboEJx/XMsnflljnu3GQ5qH09hS1USuypGMR7wRbdWQPydgJ8nGQ==",
      "dev": true,
      "license": "(MIT or CC0 1.0)",
      "dependencies": {
        "@augment-vir/assert": "^31.19.1",
        "@augment-vir/common": "^31.19.1",
        "@augment-vir/core": "^31.19.1"
      },
      "engines": {
        "node": ">=22"
      }
    },
    "node_modules/typescript": {
      "version": "5.9.3",
      "resolved": "https://registry.npmjs.org/typescript/-/typescript-5.9.3.tgz",
      "integrity": "sha512-jl1vZzPDinLr9eUt3J/t7V6FgNEw9QjvBPdysz9KfQDD41fQrC2Y4vKQdiaUpFT4bXlb1RHhLpp8wtm6M5TgSw==",
      "dev": true,
      "license": "Apache-2.0",
      "bin": {
        "tsc": "bin/tsc",
        "tsserver": "bin/tsserver"
      },
      "engines": {
        "node": ">=14.17"
      }
    }
  }
}
