{
  "name": "@coool/cachestate",
  "version": "1.4.1",
  "lockfileVersion": 3,
  "requires": true,
  "packages": {
    "": {
      "name": "@coool/cachestate",
      "version": "1.4.1",
      "license": "MIT",
      "dependencies": {
        "rxjs": "^7.8.1"
      },
      "devDependencies": {
        "prettier": "^3.1.1",
        "prettier-plugin-multiline-arrays": "^3.0.1",
        "type-fest": "^4.9.0",
        "typescript": "^5.3.3"
      }
    },
    "node_modules/@augment-vir/common": {
      "version": "22.1.1",
      "resolved": "https://registry.npmjs.org/@augment-vir/common/-/common-22.1.1.tgz",
      "integrity": "sha512-6u6M1NgCfD3QyG7H8ovWvgHW/E4ZRbmJTXggxZHg+Oc3hO9W6xOO5xF2UuE6lY7xnUs4KlhIX5AUsx8u2XRl8w==",
      "dev": true,
      "dependencies": {
        "browser-or-node": "^2.1.1",
        "run-time-assertions": "^0.2.1",
        "type-fest": "^4.8.3"
      }
    },
    "node_modules/browser-or-node": {
      "version": "2.1.1",
      "resolved": "https://registry.npmjs.org/browser-or-node/-/browser-or-node-2.1.1.tgz",
      "integrity": "sha512-8CVjaLJGuSKMVTxJ2DpBl5XnlNDiT4cQFeuCJJrvJmts9YrTZDizTX7PjC2s6W4x+MBGZeEY6dGMrF04/6Hgqg==",
      "dev": true
    },
    "node_modules/expect-type": {
      "version": "0.15.0",
      "resolved": "https://registry.npmjs.org/expect-type/-/expect-type-0.15.0.tgz",
      "integrity": "sha512-yWnriYB4e8G54M5/fAFj7rCIBiKs1HAACaY13kCz6Ku0dezjS9aMcfcdVK2X8Tv2tEV1BPz/wKfQ7WA4S/d8aA==",
      "dev": true
    },
    "node_modules/prettier": {
      "version": "3.1.1",
      "resolved": "https://registry.npmjs.org/prettier/-/prettier-3.1.1.tgz",
      "integrity": "sha512-22UbSzg8luF4UuZtzgiUOfcGM8s4tjBv6dJRT7j275NXsy2jb4aJa4NNveul5x4eqlF1wuhuR2RElK71RvmVaw==",
      "dev": true,
      "bin": {
        "prettier": "bin/prettier.cjs"
      },
      "engines": {
        "node": ">=14"
      },
      "funding": {
        "url": "https://github.com/prettier/prettier?sponsor=1"
      }
    },
    "node_modules/prettier-plugin-multiline-arrays": {
      "version": "3.0.1",
      "resolved": "https://registry.npmjs.org/prettier-plugin-multiline-arrays/-/prettier-plugin-multiline-arrays-3.0.1.tgz",
      "integrity": "sha512-xRwqy/6eMU7234W3/XFjviTn00X2JlXyiUUdpFk4R0HbLJ0QJDA1i5fLZnVQrcSrWzidrHvs1SauEpFsBDxWAQ==",
      "dev": true,
      "dependencies": {
        "@augment-vir/common": "^22.0.0",
        "proxy-vir": "^0.0.2"
      },
      "peerDependencies": {
        "prettier": "^3.0.0"
      }
    },
    "node_modules/proxy-vir": {
      "version": "0.0.2",
      "resolved": "https://registry.npmjs.org/proxy-vir/-/proxy-vir-0.0.2.tgz",
      "integrity": "sha512-4yP9ol7cFb1lUwYyj0B1+M+EpQz7tAu7PTgHCqOQenn0abXOJ3epfS3d2e+9zTgpBfYFzutL5tD2hyFz/smXyw==",
      "dev": true,
      "dependencies": {
        "@augment-vir/common": "^22.0.0"
      }
    },
    "node_modules/run-time-assertions": {
      "version": "0.2.1",
      "resolved": "https://registry.npmjs.org/run-time-assertions/-/run-time-assertions-0.2.1.tgz",
      "integrity": "sha512-nJrck8ekwrfilGPgGREZlNDR8US7Q+aVMWAWGKxyeeEf0X8TrPM9x5aGvHiPPsGszteUfZrABepByxgHCSWbag==",
      "dev": true,
      "dependencies": {
        "@augment-vir/common": "^22.0.0",
        "expect-type": "~0.15.0",
        "type-fest": "^4.8.1"
      }
    },
    "node_modules/rxjs": {
      "version": "7.8.1",
      "resolved": "https://registry.npmjs.org/rxjs/-/rxjs-7.8.1.tgz",
      "integrity": "sha512-AA3TVj+0A2iuIoQkWEK/tqFjBq2j+6PO6Y0zJcvzLAFhEFIO3HL0vls9hWLncZbAAbK0mar7oZ4V079I/qPMxg==",
      "dependencies": {
        "tslib": "^2.1.0"
      }
    },
    "node_modules/tslib": {
      "version": "2.6.2",
      "resolved": "https://registry.npmjs.org/tslib/-/tslib-2.6.2.tgz",
      "integrity": "sha512-AEYxH93jGFPn/a2iVAwW87VuUIkR1FVUKB77NwMF7nBTDkDrrT/Hpt/IrCJ0QXhW27jTBDcf5ZY7w6RiqTMw2Q=="
    },
    "node_modules/type-fest": {
      "version": "4.9.0",
      "resolved": "https://registry.npmjs.org/type-fest/-/type-fest-4.9.0.tgz",
      "integrity": "sha512-KS/6lh/ynPGiHD/LnAobrEFq3Ad4pBzOlJ1wAnJx9N4EYoqFhMfLIBjUT2UEx4wg5ZE+cC1ob6DCSpppVo+rtg==",
      "dev": true,
      "engines": {
        "node": ">=16"
      },
      "funding": {
        "url": "https://github.com/sponsors/sindresorhus"
      }
    },
    "node_modules/typescript": {
      "version": "5.3.3",
      "resolved": "https://registry.npmjs.org/typescript/-/typescript-5.3.3.tgz",
      "integrity": "sha512-pXWcraxM0uxAS+tN0AG/BF2TyqmHO014Z070UsJ+pFvYuRSq8KH8DmWpnbXe0pEPDHXZV3FcAbJkijJ5oNEnWw==",
      "dev": true,
      "bin": {
        "tsc": "bin/tsc",
        "tsserver": "bin/tsserver"
      },
      "engines": {
        "node": ">=14.17"
      }
    }
  }
}
